
Microsoft Visual Studio Solution File, Format Version 12.00
# Visual Studio Version 16
VisualStudioVersion = 16.0.34729.46
MinimumVisualStudioVersion = 10.0.40219.1
Project("{FAE04EC0-301F-11D3-BF4B-00C04F79EFBC}") = "QlyThueTruyen", "QlyThueTruyen\QlyThueTruyen.csproj", "{EE4F4044-9721-4DBC-A11F-92A8BFFFE42A}"
EndProject
Global
	GlobalSection(SolutionConfigurationPlatforms) = preSolution
		Debug|Any CPU = Debug|Any CPU
		Release|Any CPU = Release|Any CPU
	EndGlobalSection
	GlobalSection(ProjectConfigurationPlatforms) = postSolution
		{EE4F4044-9721-4DBC-A11F-92A8BFFFE42A}.Debug|Any CPU.ActiveCfg = Debug|Any CPU
		{EE4F4044-9721-4DBC-A11F-92A8BFFFE42A}.Debug|Any CPU.Build.0 = Debug|Any CPU
		{EE4F4044-9721-4DBC-A11F-92A8BFFFE42A}.Release|Any CPU.ActiveCfg = Release|Any CPU
		{EE4F4044-9721-4DBC-A11F-92A8BFFFE42A}.Release|Any CPU.Build.0 = Release|Any CPU
	EndGlobalSection
	GlobalSection(SolutionProperties) = preSolution
		HideSolutionNode = FALSE
	EndGlobalSection
	GlobalSection(ExtensibilityGlobals) = postSolution
		SolutionGuid = {AA3DCBF8-21B8-4F3C-81C5-C5D9E8F05DDC}
	EndGlobalSection
EndGlobal
