
Microsoft Visual Studio Solution File, Format Version 12.00
# Visual Studio Version 16
VisualStudioVersion = 16.0.34729.46
MinimumVisualStudioVersion = 10.0.40219.1
Project("{FAE04EC0-301F-11D3-BF4B-00C04F79EFBC}") = "QLySach", "QLySach\QLySach.csproj", "{22146E6E-09BE-43D9-A219-7EA0164E404F}"
EndProject
Global
	GlobalSection(SolutionConfigurationPlatforms) = preSolution
		Debug|Any CPU = Debug|Any CPU
		Release|Any CPU = Release|Any CPU
	EndGlobalSection
	GlobalSection(ProjectConfigurationPlatforms) = postSolution
		{22146E6E-09BE-43D9-A219-7EA0164E404F}.Debug|Any CPU.ActiveCfg = Debug|Any CPU
		{22146E6E-09BE-43D9-A219-7EA0164E404F}.Debug|Any CPU.Build.0 = Debug|Any CPU
		{22146E6E-09BE-43D9-A219-7EA0164E404F}.Release|Any CPU.ActiveCfg = Release|Any CPU
		{22146E6E-09BE-43D9-A219-7EA0164E404F}.Release|Any CPU.Build.0 = Release|Any CPU
	EndGlobalSection
	GlobalSection(SolutionProperties) = preSolution
		HideSolutionNode = FALSE
	EndGlobalSection
	GlobalSection(ExtensibilityGlobals) = postSolution
		SolutionGuid = {0665CE3F-5CFF-49F3-9E4B-BF07E8176B2F}
	EndGlobalSection
EndGlobal
